// !$*UTF8*$!
{
	archiveVersion = 1;
	classes = {
	};
	objectVersion = 48;
	objects = {

/* Begin PBXBuildFile section */
		812B77F4200F365300696B16 /* String+Localization.swift in Sources */ = {isa = PBXBuildFile; fileRef = 812B77F3200F365300696B16 /* String+Localization.swift */; };
		81F59E7F200F31690035AB1B /* AppDelegate.swift in Sources */ = {isa = PBXBuildFile; fileRef = 81F59E7E200F31690035AB1B /* AppDelegate.swift */; };
		81F59E81200F31690035AB1B /* ViewController.swift in Sources */ = {isa = PBXBuildFile; fileRef = 81F59E80200F31690035AB1B /* ViewController.swift */; };
		81F59E84200F31690035AB1B /* Main.storyboard in Resources */ = {isa = PBXBuildFile; fileRef = 81F59E82200F31690035AB1B /* Main.storyboard */; };
		81F59E86200F31690035AB1B /* Assets.xcassets in Resources */ = {isa = PBXBuildFile; fileRef = 81F59E85200F31690035AB1B /* Assets.xcassets */; };
		81F59E89200F31690035AB1B /* LaunchScreen.storyboard in Resources */ = {isa = PBXBuildFile; fileRef = 81F59E87200F31690035AB1B /* LaunchScreen.storyboard */; };
		81F59E9D200F354C0035AB1B /* Localizable.strings in Resources */ = {isa = PBXBuildFile; fileRef = 81F59E9F200F354C0035AB1B /* Localizable.strings */; };
/* End PBXBuildFile section */

/* Begin PBXFileReference section */
		812B77F3200F365300696B16 /* String+Localization.swift */ = {isa = PBXFileReference; fileEncoding = 4; lastKnownFileType = sourcecode.swift; path = "String+Localization.swift"; sourceTree = "<group>"; };
		81F59E7B200F31690035AB1B /* LocalizationInsideApp.app */ = {isa = PBXFileReference; explicitFileType = wrapper.application; includeInIndex = 0; path = LocalizationInsideApp.app; sourceTree = BUILT_PRODUCTS_DIR; };
		81F59E7E200F31690035AB1B /* AppDelegate.swift */ = {isa = PBXFileReference; lastKnownFileType = sourcecode.swift; path = AppDelegate.swift; sourceTree = "<group>"; };
		81F59E80200F31690035AB1B /* ViewController.swift */ = {isa = PBXFileReference; lastKnownFileType = sourcecode.swift; path = ViewController.swift; sourceTree = "<group>"; };
		81F59E83200F31690035AB1B /* Base */ = {isa = PBXFileReference; lastKnownFileType = file.storyboard; name = Base; path = Base.lproj/Main.storyboard; sourceTree = "<group>"; };
		81F59E85200F31690035AB1B /* Assets.xcassets */ = {isa = PBXFileReference; lastKnownFileType = folder.assetcatalog; path = Assets.xcassets; sourceTree = "<group>"; };
		81F59E88200F31690035AB1B /* Base */ = {isa = PBXFileReference; lastKnownFileType = file.storyboard; name = Base; path = Base.lproj/LaunchScreen.storyboard; sourceTree = "<group>"; };
		81F59E8A200F31690035AB1B /* Info.plist */ = {isa = PBXFileReference; lastKnownFileType = text.plist.xml; path = Info.plist; sourceTree = "<group>"; };
		81F59E97200F350E0035AB1B /* ar */ = {isa = PBXFileReference; lastKnownFileType = text.plist.strings; name = ar; path = ar.lproj/Main.strings; sourceTree = "<group>"; };
		81F59E98200F350E0035AB1B /* ar */ = {isa = PBXFileReference; lastKnownFileType = text.plist.strings; name = ar; path = ar.lproj/LaunchScreen.strings; sourceTree = "<group>"; };
		81F59E9E200F354C0035AB1B /* en */ = {isa = PBXFileReference; lastKnownFileType = text.plist.strings; name = en; path = en.lproj/Localizable.strings; sourceTree = "<group>"; };
		81F59EA6200F35730035AB1B /* en */ = {isa = PBXFileReference; lastKnownFileType = text.plist.strings; name = en; path = en.lproj/Main.strings; sourceTree = "<group>"; };
		81F59EA7200F357E0035AB1B /* ar */ = {isa = PBXFileReference; lastKnownFileType = text.plist.strings; name = ar; path = ar.lproj/Localizable.strings; sourceTree = "<group>"; };
/* End PBXFileReference section */

/* Begin PBXFrameworksBuildPhase section */
		81F59E78200F31690035AB1B /* Frameworks */ = {
			isa = PBXFrameworksBuildPhase;
			buildActionMask = 2147483647;
			files = (
			);
			runOnlyForDeploymentPostprocessing = 0;
		};
/* End PBXFrameworksBuildPhase section */

/* Begin PBXGroup section */
		81F59E72200F31690035AB1B = {
			isa = PBXGroup;
			children = (
				81F59E7D200F31690035AB1B /* LocalizationInsideApp */,
				81F59E7C200F31690035AB1B /* Products */,
			);
			sourceTree = "<group>";
		};
		81F59E7C200F31690035AB1B /* Products */ = {
			isa = PBXGroup;
			children = (
				81F59E7B200F31690035AB1B /* LocalizationInsideApp.app */,
			);
			name = Products;
			sourceTree = "<group>";
		};
		81F59E7D200F31690035AB1B /* LocalizationInsideApp */ = {
			isa = PBXGroup;
			children = (
				81F59E7E200F31690035AB1B /* AppDelegate.swift */,
				812B77F3200F365300696B16 /* String+Localization.swift */,
				81F59E80200F31690035AB1B /* ViewController.swift */,
				81F59E9F200F354C0035AB1B /* Localizable.strings */,
				81F59E82200F31690035AB1B /* Main.storyboard */,
				81F59E85200F31690035AB1B /* Assets.xcassets */,
				81F59E87200F31690035AB1B /* LaunchScreen.storyboard */,
				81F59E8A200F31690035AB1B /* Info.plist */,
			);
			path = LocalizationInsideApp;
			sourceTree = "<group>";
		};
/* End PBXGroup section */

/* Begin PBXNativeTarget section */
		81F59E7A200F31690035AB1B /* LocalizationInsideApp */ = {
			isa = PBXNativeTarget;
			buildConfigurationList = 81F59E8D200F31690035AB1B /* Build configuration list for PBXNativeTarget "LocalizationInsideApp" */;
			buildPhases = (
				81F59E77200F31690035AB1B /* Sources */,
				81F59E78200F31690035AB1B /* Frameworks */,
				81F59E79200F31690035AB1B /* Resources */,
			);
			buildRules = (
			);
			dependencies = (
			);
			name = LocalizationInsideApp;
			productName = LocalizationInsideApp;
			productReference = 81F59E7B200F31690035AB1B /* LocalizationInsideApp.app */;
			productType = "com.apple.product-type.application";
		};
/* End PBXNativeTarget section */

/* Begin PBXProject section */
		81F59E73200F31690035AB1B /* Project object */ = {
			isa = PBXProject;
			attributes = {
				LastSwiftUpdateCheck = 0920;
				LastUpgradeCheck = 0920;
				ORGANIZATIONNAME = "Rohit Singh";
				TargetAttributes = {
					81F59E7A200F31690035AB1B = {
						CreatedOnToolsVersion = 9.2;
						ProvisioningStyle = Automatic;
					};
				};
			};
			buildConfigurationList = 81F59E76200F31690035AB1B /* Build configuration list for PBXProject "LocalizationInsideApp" */;
			compatibilityVersion = "Xcode 8.0";
			developmentRegion = en;
			hasScannedForEncodings = 0;
			knownRegions = (
				en,
				Base,
			);
			mainGroup = 81F59E72200F31690035AB1B;
			productRefGroup = 81F59E7C200F31690035AB1B /* Products */;
			projectDirPath = "";
			projectRoot = "";
			targets = (
				81F59E7A200F31690035AB1B /* LocalizationInsideApp */,
			);
		};
/* End PBXProject section */

/* Begin PBXResourcesBuildPhase section */
		81F59E79200F31690035AB1B /* Resources */ = {
			isa = PBXResourcesBuildPhase;
			buildActionMask = 2147483647;
			files = (
				81F59E89200F31690035AB1B /* LaunchScreen.storyboard in Resources */,
				81F59E9D200F354C0035AB1B /* Localizable.strings in Resources */,
				81F59E86200F31690035AB1B /* Assets.xcassets in Resources */,
				81F59E84200F31690035AB1B /* Main.storyboard in Resources */,
			);
			runOnlyForDeploymentPostprocessing = 0;
		};
/* End PBXResourcesBuildPhase section */

/* Begin PBXSourcesBuildPhase section */
		81F59E77200F31690035AB1B /* Sources */ = {
			isa = PBXSourcesBuildPhase;
			buildActionMask = 2147483647;
			files = (
				812B77F4200F365300696B16 /* String+Localization.swift in Sources */,
				81F59E81200F31690035AB1B /* ViewController.swift in Sources */,
				81F59E7F200F31690035AB1B /* AppDelegate.swift in Sources */,
			);
			runOnlyForDeploymentPostprocessing = 0;
		};
/* End PBXSourcesBuildPhase section */

/* Begin PBXVariantGroup section */
		81F59E82200F31690035AB1B /* Main.storyboard */ = {
			isa = PBXVariantGroup;
			children = (
				81F59E83200F31690035AB1B /* Base */,
				81F59E97200F350E0035AB1B /* ar */,
				81F59EA6200F35730035AB1B /* en */,
			);
			name = Main.storyboard;
			sourceTree = "<group>";
		};
		81F59E87200F31690035AB1B /* LaunchScreen.storyboard */ = {
			isa = PBXVariantGroup;
			children = (
				81F59E88200F31690035AB1B /* Base */,
				81F59E98200F350E0035AB1B /* ar */,
			);
			name = LaunchScreen.storyboard;
			sourceTree = "<group>";
		};
		81F59E9F200F354C0035AB1B /* Localizable.strings */ = {
			isa = PBXVariantGroup;
			children = (
				81F59E9E200F354C0035AB1B /* en */,
				81F59EA7200F357E0035AB1B /* ar */,
			);
			name = Localizable.strings;
			sourceTree = "<group>";
		};
/* End PBXVariantGroup section */

/* Begin XCBuildConfiguration section */
		81F59E8B200F31690035AB1B /* Debug */ = {
			isa = XCBuildConfiguration;
			buildSettings = {
				ALWAYS_SEARCH_USER_PATHS = NO;
				CLANG_ANALYZER_LOCALIZABILITY_NONLOCALIZED = YES;
				CLANG_ANALYZER_NONNULL = YES;
				CLANG_ANALYZER_NUMBER_OBJECT_CONVERSION = YES_AGGRESSIVE;
				CLANG_CXX_LANGUAGE_STANDARD = "gnu++14";
				CLANG_CXX_LIBRARY = "libc++";
				CLANG_ENABLE_MODULES = YES;
				CLANG_ENABLE_OBJC_ARC = YES;
				CLANG_WARN_BLOCK_CAPTURE_AUTORELEASING = YES;
				CLANG_WARN_BOOL_CONVERSION = YES;
				CLANG_WARN_COMMA = YES;
				CLANG_WARN_CONSTANT_CONVERSION = YES;
				CLANG_WARN_DIRECT_OBJC_ISA_USAGE = YES_ERROR;
				CLANG_WARN_DOCUMENTATION_COMMENTS = YES;
				CLANG_WARN_EMPTY_BODY = YES;
				CLANG_WARN_ENUM_CONVERSION = YES;
				CLANG_WARN_INFINITE_RECURSION = YES;
				CLANG_WARN_INT_CONVERSION = YES;
				CLANG_WARN_NON_LITERAL_NULL_CONVERSION = YES;
				CLANG_WARN_OBJC_LITERAL_CONVERSION = YES;
				CLANG_WARN_OBJC_ROOT_CLASS = YES_ERROR;
				CLANG_WARN_RANGE_LOOP_ANALYSIS = YES;
				CLANG_WARN_STRICT_PROTOTYPES = YES;
				CLANG_WARN_SUSPICIOUS_MOVE = YES;
				CLANG_WARN_UNGUARDED_AVAILABILITY = YES_AGGRESSIVE;
				CLANG_WARN_UNREACHABLE_CODE = YES;
				CLANG_WARN__DUPLICATE_METHOD_MATCH = YES;
				CODE_SIGN_IDENTITY = "iPhone Developer";
				COPY_PHASE_STRIP = NO;
				DEBUG_INFORMATION_FORMAT = dwarf;
				ENABLE_STRICT_OBJC_MSGSEND = YES;
				ENABLE_TESTABILITY = YES;
				GCC_C_LANGUAGE_STANDARD = gnu11;
				GCC_DYNAMIC_NO_PIC = NO;
				GCC_NO_COMMON_BLOCKS = YES;
				GCC_OPTIMIZATION_LEVEL = 0;
				GCC_PREPROCESSOR_DEFINITIONS = (
					"DEBUG=1",
					"$(inherited)",
				);
				GCC_WARN_64_TO_32_BIT_CONVERSION = YES;
				GCC_WARN_ABOUT_RETURN_TYPE = YES_ERROR;
				GCC_WARN_UNDECLARED_SELECTOR = YES;
				GCC_WARN_UNINITIALIZED_AUTOS = YES_AGGRESSIVE;
				GCC_WARN_UNUSED_FUNCTION = YES;
				GCC_WARN_UNUSED_VARIABLE = YES;
				IPHONEOS_DEPLOYMENT_TARGET = 11.2;
				MTL_ENABLE_DEBUG_INFO = YES;
				ONLY_ACTIVE_ARCH = YES;
				SDKROOT = iphoneos;
				SWIFT_ACTIVE_COMPILATION_CONDITIONS = DEBUG;
				SWIFT_OPTIMIZATION_LEVEL = "-Onone";
			};
			name = Debug;
		};
		81F59E8C200F31690035AB1B /* Release */ = {
			isa = XCBuildConfiguration;
			buildSettings = {
				ALWAYS_SEARCH_USER_PATHS = NO;
				CLANG_ANALYZER_LOCALIZABILITY_NONLOCALIZED = YES;
				CLANG_ANALYZER_NONNULL = YES;
				CLANG_ANALYZER_NUMBER_OBJECT_CONVERSION = YES_AGGRESSIVE;
				CLANG_CXX_LANGUAGE_STANDARD = "gnu++14";
				CLANG_CXX_LIBRARY = "libc++";
				CLANG_ENABLE_MODULES = YES;
				CLANG_ENABLE_OBJC_ARC = YES;
				CLANG_WARN_BLOCK_CAPTURE_AUTORELEASING = YES;
				CLANG_WARN_BOOL_CONVERSION = YES;
				CLANG_WARN_COMMA = YES;
				CLANG_WARN_CONSTANT_CONVERSION = YES;
				CLANG_WARN_DIRECT_OBJC_ISA_USAGE = YES_ERROR;
				CLANG_WARN_DOCUMENTATION_COMMENTS = YES;
				CLANG_WARN_EMPTY_BODY = YES;
				CLANG_WARN_ENUM_CONVERSION = YES;
				CLANG_WARN_INFINITE_RECURSION = YES;
				CLANG_WARN_INT_CONVERSION = YES;
				CLANG_WARN_NON_LITERAL_NULL_CONVERSION = YES;
				CLANG_WARN_OBJC_LITERAL_CONVERSION = YES;
				CLANG_WARN_OBJC_ROOT_CLASS = YES_ERROR;
				CLANG_WARN_RANGE_LOOP_ANALYSIS = YES;
				CLANG_WARN_STRICT_PROTOTYPES = YES;
				CLANG_WARN_SUSPICIOUS_MOVE = YES;
				CLANG_WARN_UNGUARDED_AVAILABILITY = YES_AGGRESSIVE;
				CLANG_WARN_UNREACHABLE_CODE = YES;
				CLANG_WARN__DUPLICATE_METHOD_MATCH = YES;
				CODE_SIGN_IDENTITY = "iPhone Developer";
				COPY_PHASE_STRIP = NO;
				DEBUG_INFORMATION_FORMAT = "dwarf-with-dsym";
				ENABLE_NS_ASSERTIONS = NO;
				ENABLE_STRICT_OBJC_MSGSEND = YES;
				GCC_C_LANGUAGE_STANDARD = gnu11;
				GCC_NO_COMMON_BLOCKS = YES;
				GCC_WARN_64_TO_32_BIT_CONVERSION = YES;
				GCC_WARN_ABOUT_RETURN_TYPE = YES_ERROR;
				GCC_WARN_UNDECLARED_SELECTOR = YES;
				GCC_WARN_UNINITIALIZED_AUTOS = YES_AGGRESSIVE;
				GCC_WARN_UNUSED_FUNCTION = YES;
				GCC_WARN_UNUSED_VARIABLE = YES;
				IPHONEOS_DEPLOYMENT_TARGET = 11.2;
				MTL_ENABLE_DEBUG_INFO = NO;
				SDKROOT = iphoneos;
				SWIFT_OPTIMIZATION_LEVEL = "-Owholemodule";
				VALIDATE_PRODUCT = YES;
			};
			name = Release;
		};
		81F59E8E200F31690035AB1B /* Debug */ = {
			isa = XCBuildConfiguration;
			buildSettings = {
				ASSETCATALOG_COMPILER_APPICON_NAME = AppIcon;
				CODE_SIGN_STYLE = Automatic;
				INFOPLIST_FILE = LocalizationInsideApp/Info.plist;
				LD_RUNPATH_SEARCH_PATHS = "$(inherited) @executable_path/Frameworks";
				PRODUCT_BUNDLE_IDENTIFIER = MAFCarrefour.LocalizationInsideApp;
				PRODUCT_NAME = "$(TARGET_NAME)";
				SWIFT_VERSION = 4.0;
				TARGETED_DEVICE_FAMILY = "1,2";
			};
			name = Debug;
		};
		81F59E8F200F31690035AB1B /* Release */ = {
			isa = XCBuildConfiguration;
			buildSettings = {
				ASSETCATALOG_COMPILER_APPICON_NAME = AppIcon;
				CODE_SIGN_STYLE = Automatic;
				INFOPLIST_FILE = LocalizationInsideApp/Info.plist;
				LD_RUNPATH_SEARCH_PATHS = "$(inherited) @executable_path/Frameworks";
				PRODUCT_BUNDLE_IDENTIFIER = MAFCarrefour.LocalizationInsideApp;
				PRODUCT_NAME = "$(TARGET_NAME)";
				SWIFT_VERSION = 4.0;
				TARGETED_DEVICE_FAMILY = "1,2";
			};
			name = Release;
		};
/* End XCBuildConfiguration section */

/* Begin XCConfigurationList section */
		81F59E76200F31690035AB1B /* Build configuration list for PBXProject "LocalizationInsideApp" */ = {
			isa = XCConfigurationList;
			buildConfigurations = (
				81F59E8B200F31690035AB1B /* Debug */,
				81F59E8C200F31690035AB1B /* Release */,
			);
			defaultConfigurationIsVisible = 0;
			defaultConfigurationName = Release;
		};
		81F59E8D200F31690035AB1B /* Build configuration list for PBXNativeTarget "LocalizationInsideApp" */ = {
			isa = XCConfigurationList;
			buildConfigurations = (
				81F59E8E200F31690035AB1B /* Debug */,
				81F59E8F200F31690035AB1B /* Release */,
			);
			defaultConfigurationIsVisible = 0;
			defaultConfigurationName = Release;
		};
/* End XCConfigurationList section */
	};
	rootObject = 81F59E73200F31690035AB1B /* Project object */;
}
